
Microsoft Visual Studio Solution File, Format Version 12.00
# Visual Studio Version 17
VisualStudioVersion = 17.5.33424.131
MinimumVisualStudioVersion = 10.0.40219.1
Project("{FAE04EC0-301F-11D3-BF4B-00C04F79EFBC}") = "2212462_TH_BTVN", "2212462_TH_BTVN\2212462_TH_BTVN.csproj", "{ED6B9A06-31EF-4EA5-BD76-61B117002DB1}"
EndProject
Global
	GlobalSection(SolutionConfigurationPlatforms) = preSolution
		Debug|Any CPU = Debug|Any CPU
		Release|Any CPU = Release|Any CPU
	EndGlobalSection
	GlobalSection(ProjectConfigurationPlatforms) = postSolution
		{ED6B9A06-31EF-4EA5-BD76-61B117002DB1}.Debug|Any CPU.ActiveCfg = Debug|Any CPU
		{ED6B9A06-31EF-4EA5-BD76-61B117002DB1}.Debug|Any CPU.Build.0 = Debug|Any CPU
		{ED6B9A06-31EF-4EA5-BD76-61B117002DB1}.Release|Any CPU.ActiveCfg = Release|Any CPU
		{ED6B9A06-31EF-4EA5-BD76-61B117002DB1}.Release|Any CPU.Build.0 = Release|Any CPU
	EndGlobalSection
	GlobalSection(SolutionProperties) = preSolution
		HideSolutionNode = FALSE
	EndGlobalSection
	GlobalSection(ExtensibilityGlobals) = postSolution
		SolutionGuid = {7DADAF31-3E6A-42DA-A529-CCF88E424328}
	EndGlobalSection
EndGlobal
